{
    "_readme": [
        "This file locks the dependencies of your project to a known state",
        "Read more about it at https://getcomposer.org/doc/01-basic-usage.md#installing-dependencies",
        "This file is @generated automatically"
    ],
    "content-hash": "921d45ce34ebf61b2598355708efcc90",
    "packages": [
        {
            "name": "kkeundotnet/kkrouter",
            "version": "0.0.1",
            "source": {
                "type": "git",
                "url": "https://github.com/kkeundotnet/kkrouter.git",
                "reference": "4afde17573d552639113ac5e0de5cd6903815667"
            },
            "dist": {
                "type": "zip",
                "url": "https://api.github.com/repos/kkeundotnet/kkrouter/zipball/4afde17573d552639113ac5e0de5cd6903815667",
                "reference": "4afde17573d552639113ac5e0de5cd6903815667",
                "shasum": ""
            },
            "require-dev": {
                "phpunit/phpunit": "^9"
            },
            "type": "library",
            "autoload": {
                "psr-4": {
                    "Kkeundotnet\\Kkrouter\\": "src/"
                }
            },
            "notification-url": "https://packagist.org/downloads/",
            "license": [
                "unlicense"
            ],
            "authors": [
                {
                    "name": "kkeundotnet",
                    "email": "kkeundotnet@gmail.com"
                }
            ],
            "description": "Yet another simple PHP router",
            "support": {
                "issues": "https://github.com/kkeundotnet/kkrouter/issues",
                "source": "https://github.com/kkeundotnet/kkrouter/tree/0.0.1"
            },
            "time": "2020-11-29T21:27:31+00:00"
        },
        {
            "name": "kkeundotnet/kkrss",
            "version": "0.0.1",
            "source": {
                "type": "git",
                "url": "https://github.com/kkeundotnet/kkrss.git",
                "reference": "09c44f850154f6a99cd9d95d87342f9ad21c8762"
            },
            "dist": {
                "type": "zip",
                "url": "https://api.github.com/repos/kkeundotnet/kkrss/zipball/09c44f850154f6a99cd9d95d87342f9ad21c8762",
                "reference": "09c44f850154f6a99cd9d95d87342f9ad21c8762",
                "shasum": ""
            },
            "require-dev": {
                "phpunit/phpunit": "^9"
            },
            "type": "library",
            "autoload": {
                "psr-4": {
                    "Kkeundotnet\\Kkrss\\": "src/"
                }
            },
            "notification-url": "https://packagist.org/downloads/",
            "license": [
                "unlicense"
            ],
            "authors": [
                {
                    "name": "kkeundotnet",
                    "email": "kkeundotnet@gmail.com"
                }
            ],
            "description": "Yet another simple RSS generator",
            "support": {
                "issues": "https://github.com/kkeundotnet/kkrss/issues",
                "source": "https://github.com/kkeundotnet/kkrss/tree/0.0.1"
            },
            "time": "2020-11-30T21:34:58+00:00"
        }
    ],
    "packages-dev": [],
    "aliases": [],
    "minimum-stability": "stable",
    "stability-flags": [],
    "prefer-stable": false,
    "prefer-lowest": false,
    "platform": [],
    "platform-dev": [],
    "plugin-api-version": "2.0.0"
}
