{
    "_readme": [
        "This file locks the dependencies of your project to a known state",
        "Read more about it at https://getcomposer.org/doc/01-basic-usage.md#installing-dependencies",
        "This file is @generated automatically"
    ],
    "content-hash": "00adf2a96bed85a356f56cc6bc0dea81",
    "packages": [
        {
            "name": "kkeundotnet/kkrouter",
            "version": "0.0.3",
            "source": {
                "type": "git",
                "url": "https://github.com/kkeundotnet/kkrouter.git",
                "reference": "8d63849c2f863334004653ec7cca47320752ff3e"
            },
            "dist": {
                "type": "zip",
                "url": "https://api.github.com/repos/kkeundotnet/kkrouter/zipball/8d63849c2f863334004653ec7cca47320752ff3e",
                "reference": "8d63849c2f863334004653ec7cca47320752ff3e",
                "shasum": ""
            },
            "require": {
                "php": ">=8.1"
            },
            "require-dev": {
                "phpunit/phpunit": "^9"
            },
            "type": "library",
            "autoload": {
                "psr-4": {
                    "Kkeundotnet\\Kkrouter\\": "src/"
                }
            },
            "notification-url": "https://packagist.org/downloads/",
            "license": [
                "unlicense"
            ],
            "authors": [
                {
                    "name": "kkeundotnet",
                    "email": "kkeundotnet@gmail.com"
                }
            ],
            "description": "Yet another simple PHP router",
            "support": {
                "issues": "https://github.com/kkeundotnet/kkrouter/issues",
                "source": "https://github.com/kkeundotnet/kkrouter/tree/0.0.3"
            },
            "time": "2021-12-28T16:15:42+00:00"
        },
        {
            "name": "kkeundotnet/kkrss",
            "version": "0.0.3",
            "source": {
                "type": "git",
                "url": "https://github.com/kkeundotnet/kkrss.git",
                "reference": "938c9d4b7c3d055ebd00e42c5678a4c5bc21e7b7"
            },
            "dist": {
                "type": "zip",
                "url": "https://api.github.com/repos/kkeundotnet/kkrss/zipball/938c9d4b7c3d055ebd00e42c5678a4c5bc21e7b7",
                "reference": "938c9d4b7c3d055ebd00e42c5678a4c5bc21e7b7",
                "shasum": ""
            },
            "require": {
                "php": ">=8.1"
            },
            "require-dev": {
                "phpunit/phpunit": "^9"
            },
            "type": "library",
            "autoload": {
                "psr-4": {
                    "Kkeundotnet\\Kkrss\\": "src/"
                }
            },
            "notification-url": "https://packagist.org/downloads/",
            "license": [
                "unlicense"
            ],
            "authors": [
                {
                    "name": "kkeundotnet",
                    "email": "kkeundotnet@gmail.com"
                }
            ],
            "description": "Yet another simple RSS generator",
            "support": {
                "issues": "https://github.com/kkeundotnet/kkrss/issues",
                "source": "https://github.com/kkeundotnet/kkrss/tree/0.0.3"
            },
            "time": "2021-12-28T16:47:49+00:00"
        }
    ],
    "packages-dev": [],
    "aliases": [],
    "minimum-stability": "stable",
    "stability-flags": [],
    "prefer-stable": false,
    "prefer-lowest": false,
    "platform": {
        "php": ">=8.1"
    },
    "platform-dev": [],
    "plugin-api-version": "2.2.0"
}
