{
    "_readme": [
        "This file locks the dependencies of your project to a known state",
        "Read more about it at https://getcomposer.org/doc/01-basic-usage.md#installing-dependencies",
        "This file is @generated automatically"
    ],
    "content-hash": "d4eba463af08d0d1e967277c83afbcfb",
    "packages": [
        {
            "name": "kkeundotnet/kkrouter",
            "version": "0.0.4",
            "source": {
                "type": "git",
                "url": "https://github.com/kkeundotnet/kkrouter.git",
                "reference": "63acde12d394ed40d882e7b9172ff074750ec9e4"
            },
            "dist": {
                "type": "zip",
                "url": "https://api.github.com/repos/kkeundotnet/kkrouter/zipball/63acde12d394ed40d882e7b9172ff074750ec9e4",
                "reference": "63acde12d394ed40d882e7b9172ff074750ec9e4",
                "shasum": ""
            },
            "require": {
                "php": ">=8.1"
            },
            "require-dev": {
                "phpunit/phpunit": "^9"
            },
            "type": "library",
            "autoload": {
                "psr-4": {
                    "Kkeundotnet\\Kkrouter\\": "src/"
                }
            },
            "notification-url": "https://packagist.org/downloads/",
            "license": [
                "unlicense"
            ],
            "authors": [
                {
                    "name": "kkeundotnet",
                    "email": "kkeundotnet@gmail.com"
                }
            ],
            "description": "Yet another simple PHP router",
            "support": {
                "issues": "https://github.com/kkeundotnet/kkrouter/issues",
                "source": "https://github.com/kkeundotnet/kkrouter/tree/0.0.4"
            },
            "time": "2022-01-23T21:33:55+00:00"
        },
        {
            "name": "kkeundotnet/kkrss",
            "version": "0.0.4",
            "source": {
                "type": "git",
                "url": "https://github.com/kkeundotnet/kkrss.git",
                "reference": "7389e32eed82a4c17ccf1314a1e0bb42a540a205"
            },
            "dist": {
                "type": "zip",
                "url": "https://api.github.com/repos/kkeundotnet/kkrss/zipball/7389e32eed82a4c17ccf1314a1e0bb42a540a205",
                "reference": "7389e32eed82a4c17ccf1314a1e0bb42a540a205",
                "shasum": ""
            },
            "require": {
                "php": ">=8.1"
            },
            "require-dev": {
                "phpunit/phpunit": "^9"
            },
            "type": "library",
            "autoload": {
                "psr-4": {
                    "Kkeundotnet\\Kkrss\\": "src/"
                }
            },
            "notification-url": "https://packagist.org/downloads/",
            "license": [
                "unlicense"
            ],
            "authors": [
                {
                    "name": "kkeundotnet",
                    "email": "kkeundotnet@gmail.com"
                }
            ],
            "description": "Yet another simple RSS generator",
            "support": {
                "issues": "https://github.com/kkeundotnet/kkrss/issues",
                "source": "https://github.com/kkeundotnet/kkrss/tree/0.0.4"
            },
            "time": "2021-12-31T13:00:22+00:00"
        }
    ],
    "packages-dev": [],
    "aliases": [],
    "minimum-stability": "stable",
    "stability-flags": [],
    "prefer-stable": false,
    "prefer-lowest": false,
    "platform": {
        "php": ">=8.1"
    },
    "platform-dev": [],
    "plugin-api-version": "2.2.0"
}
